PODS:
  - BButton (4.0.1)
  - FrameAccessor (1.3.2)
  - MKFoundationKit/NSArray (1.2.3)

DEPENDENCIES:
  - BButton
  - FrameAccessor (~> 1.3.2)
  - MKFoundationKit/NSArray (~> 1.2.2)

SPEC CHECKSUMS:
  BButton: 396a5e59648e3f687b7d8201b88ebdbad6e36b59
  FrameAccessor: 5eec95b29b5e9a3afe72a7a2e9ed25b000d3bcc3
  MKFoundationKit: 4858fe474ee45f988db5ff1e229d700743e71ed8

COCOAPODS: 0.34.1
