// !$*UTF8*$!
{
	archiveVersion = 1;
	classes = {
	};
	objectVersion = 46;
	objects = {

/* Begin PBXBuildFile section */
		84654C1418FE8EE300160F11 /* Foundation.framework in Frameworks */ = {isa = PBXBuildFile; fileRef = 84654C1318FE8EE300160F11 /* Foundation.framework */; };
		84654C1618FE8EE300160F11 /* CoreGraphics.framework in Frameworks */ = {isa = PBXBuildFile; fileRef = 84654C1518FE8EE300160F11 /* CoreGraphics.framework */; };
		84654C1818FE8EE300160F11 /* UIKit.framework in Frameworks */ = {isa = PBXBuildFile; fileRef = 84654C1718FE8EE300160F11 /* UIKit.framework */; };
		84654C1E18FE8EE300160F11 /* InfoPlist.strings in Resources */ = {isa = PBXBuildFile; fileRef = 84654C1C18FE8EE300160F11 /* InfoPlist.strings */; };
		84654C2018FE8EE300160F11 /* main.m in Sources */ = {isa = PBXBuildFile; fileRef = 84654C1F18FE8EE300160F11 /* main.m */; };
		84654C2418FE8EE300160F11 /* AppDelegate.m in Sources */ = {isa = PBXBuildFile; fileRef = 84654C2318FE8EE300160F11 /* AppDelegate.m */; };
		84654C2618FE8EE300160F11 /* Images.xcassets in Resources */ = {isa = PBXBuildFile; fileRef = 84654C2518FE8EE300160F11 /* Images.xcassets */; };
		84654C2D18FE8EE300160F11 /* XCTest.framework in Frameworks */ = {isa = PBXBuildFile; fileRef = 84654C2C18FE8EE300160F11 /* XCTest.framework */; };
		84654C2E18FE8EE300160F11 /* Foundation.framework in Frameworks */ = {isa = PBXBuildFile; fileRef = 84654C1318FE8EE300160F11 /* Foundation.framework */; };
		84654C2F18FE8EE300160F11 /* UIKit.framework in Frameworks */ = {isa = PBXBuildFile; fileRef = 84654C1718FE8EE300160F11 /* UIKit.framework */; };
		84654C3718FE8EE300160F11 /* InfoPlist.strings in Resources */ = {isa = PBXBuildFile; fileRef = 84654C3518FE8EE300160F11 /* InfoPlist.strings */; };
		84654C3918FE8EE300160F11 /* GraphKitTests.m in Sources */ = {isa = PBXBuildFile; fileRef = 84654C3818FE8EE300160F11 /* GraphKitTests.m */; };
		84654C4C18FE909A00160F11 /* GKBar.m in Sources */ = {isa = PBXBuildFile; fileRef = 84654C4B18FE909A00160F11 /* GKBar.m */; };
		84654C5118FE934800160F11 /* ExampleViewVC.m in Sources */ = {isa = PBXBuildFile; fileRef = 84654C4F18FE934800160F11 /* ExampleViewVC.m */; };
		84654C5218FE934800160F11 /* ExampleViewVC.xib in Resources */ = {isa = PBXBuildFile; fileRef = 84654C5018FE934800160F11 /* ExampleViewVC.xib */; };
		84654C5518FEDCDF00160F11 /* BarGraphView.m in Sources */ = {isa = PBXBuildFile; fileRef = 84654C5418FEDCDF00160F11 /* BarGraphView.m */; };
		84654C5918FF4C8300160F11 /* BarGraphViewVC.m in Sources */ = {isa = PBXBuildFile; fileRef = 84654C5718FF4C8300160F11 /* BarGraphViewVC.m */; };
		84654C5A18FF4C8300160F11 /* BarGraphViewVC.xib in Resources */ = {isa = PBXBuildFile; fileRef = 84654C5818FF4C8300160F11 /* BarGraphViewVC.xib */; };
/* End PBXBuildFile section */

/* Begin PBXContainerItemProxy section */
		84654C3018FE8EE300160F11 /* PBXContainerItemProxy */ = {
			isa = PBXContainerItemProxy;
			containerPortal = 84654C0818FE8EE200160F11 /* Project object */;
			proxyType = 1;
			remoteGlobalIDString = 84654C0F18FE8EE200160F11;
			remoteInfo = GraphKit;
		};
/* End PBXContainerItemProxy section */

/* Begin PBXFileReference section */
		84654C1018FE8EE300160F11 /* GraphKit.app */ = {isa = PBXFileReference; explicitFileType = wrapper.application; includeInIndex = 0; path = GraphKit.app; sourceTree = BUILT_PRODUCTS_DIR; };
		84654C1318FE8EE300160F11 /* Foundation.framework */ = {isa = PBXFileReference; lastKnownFileType = wrapper.framework; name = Foundation.framework; path = System/Library/Frameworks/Foundation.framework; sourceTree = SDKROOT; };
		84654C1518FE8EE300160F11 /* CoreGraphics.framework */ = {isa = PBXFileReference; lastKnownFileType = wrapper.framework; name = CoreGraphics.framework; path = System/Library/Frameworks/CoreGraphics.framework; sourceTree = SDKROOT; };
		84654C1718FE8EE300160F11 /* UIKit.framework */ = {isa = PBXFileReference; lastKnownFileType = wrapper.framework; name = UIKit.framework; path = System/Library/Frameworks/UIKit.framework; sourceTree = SDKROOT; };
		84654C1B18FE8EE300160F11 /* GraphKit-Info.plist */ = {isa = PBXFileReference; lastKnownFileType = text.plist.xml; path = "GraphKit-Info.plist"; sourceTree = "<group>"; };
		84654C1D18FE8EE300160F11 /* en */ = {isa = PBXFileReference; lastKnownFileType = text.plist.strings; name = en; path = en.lproj/InfoPlist.strings; sourceTree = "<group>"; };
		84654C1F18FE8EE300160F11 /* main.m */ = {isa = PBXFileReference; lastKnownFileType = sourcecode.c.objc; path = main.m; sourceTree = "<group>"; };
		84654C2118FE8EE300160F11 /* GraphKit-Prefix.pch */ = {isa = PBXFileReference; lastKnownFileType = sourcecode.c.h; path = "GraphKit-Prefix.pch"; sourceTree = "<group>"; };
		84654C2218FE8EE300160F11 /* AppDelegate.h */ = {isa = PBXFileReference; lastKnownFileType = sourcecode.c.h; path = AppDelegate.h; sourceTree = "<group>"; };
		84654C2318FE8EE300160F11 /* AppDelegate.m */ = {isa = PBXFileReference; lastKnownFileType = sourcecode.c.objc; path = AppDelegate.m; sourceTree = "<group>"; };
		84654C2518FE8EE300160F11 /* Images.xcassets */ = {isa = PBXFileReference; lastKnownFileType = folder.assetcatalog; path = Images.xcassets; sourceTree = "<group>"; };
		84654C2B18FE8EE300160F11 /* GraphKitTests.xctest */ = {isa = PBXFileReference; explicitFileType = wrapper.cfbundle; includeInIndex = 0; path = GraphKitTests.xctest; sourceTree = BUILT_PRODUCTS_DIR; };
		84654C2C18FE8EE300160F11 /* XCTest.framework */ = {isa = PBXFileReference; lastKnownFileType = wrapper.framework; name = XCTest.framework; path = Library/Frameworks/XCTest.framework; sourceTree = DEVELOPER_DIR; };
		84654C3418FE8EE300160F11 /* GraphKitTests-Info.plist */ = {isa = PBXFileReference; lastKnownFileType = text.plist.xml; path = "GraphKitTests-Info.plist"; sourceTree = "<group>"; };
		84654C3618FE8EE300160F11 /* en */ = {isa = PBXFileReference; lastKnownFileType = text.plist.strings; name = en; path = en.lproj/InfoPlist.strings; sourceTree = "<group>"; };
		84654C3818FE8EE300160F11 /* GraphKitTests.m */ = {isa = PBXFileReference; lastKnownFileType = sourcecode.c.objc; path = GraphKitTests.m; sourceTree = "<group>"; };
		84654C4618FE8F0600160F11 /* GraphKit.h */ = {isa = PBXFileReference; fileEncoding = 4; lastKnownFileType = sourcecode.c.h; path = GraphKit.h; sourceTree = "<group>"; };
		84654C4A18FE909A00160F11 /* GKBar.h */ = {isa = PBXFileReference; fileEncoding = 4; lastKnownFileType = sourcecode.c.h; path = GKBar.h; sourceTree = "<group>"; };
		84654C4B18FE909A00160F11 /* GKBar.m */ = {isa = PBXFileReference; fileEncoding = 4; lastKnownFileType = sourcecode.c.objc; path = GKBar.m; sourceTree = "<group>"; };
		84654C4E18FE934800160F11 /* ExampleViewVC.h */ = {isa = PBXFileReference; fileEncoding = 4; lastKnownFileType = sourcecode.c.h; path = ExampleViewVC.h; sourceTree = "<group>"; };
		84654C4F18FE934800160F11 /* ExampleViewVC.m */ = {isa = PBXFileReference; fileEncoding = 4; lastKnownFileType = sourcecode.c.objc; path = ExampleViewVC.m; sourceTree = "<group>"; };
		84654C5018FE934800160F11 /* ExampleViewVC.xib */ = {isa = PBXFileReference; fileEncoding = 4; lastKnownFileType = file.xib; path = ExampleViewVC.xib; sourceTree = "<group>"; };
		84654C5318FEDCDF00160F11 /* BarGraphView.h */ = {isa = PBXFileReference; fileEncoding = 4; lastKnownFileType = sourcecode.c.h; path = BarGraphView.h; sourceTree = "<group>"; };
		84654C5418FEDCDF00160F11 /* BarGraphView.m */ = {isa = PBXFileReference; fileEncoding = 4; lastKnownFileType = sourcecode.c.objc; path = BarGraphView.m; sourceTree = "<group>"; };
		84654C5618FF4C8300160F11 /* BarGraphViewVC.h */ = {isa = PBXFileReference; fileEncoding = 4; lastKnownFileType = sourcecode.c.h; path = BarGraphViewVC.h; sourceTree = "<group>"; };
		84654C5718FF4C8300160F11 /* BarGraphViewVC.m */ = {isa = PBXFileReference; fileEncoding = 4; lastKnownFileType = sourcecode.c.objc; path = BarGraphViewVC.m; sourceTree = "<group>"; };
		84654C5818FF4C8300160F11 /* BarGraphViewVC.xib */ = {isa = PBXFileReference; fileEncoding = 4; lastKnownFileType = file.xib; path = BarGraphViewVC.xib; sourceTree = "<group>"; };
/* End PBXFileReference section */

/* Begin PBXFrameworksBuildPhase section */
		84654C0D18FE8EE200160F11 /* Frameworks */ = {
			isa = PBXFrameworksBuildPhase;
			buildActionMask = 2147483647;
			files = (
				84654C1618FE8EE300160F11 /* CoreGraphics.framework in Frameworks */,
				84654C1818FE8EE300160F11 /* UIKit.framework in Frameworks */,
				84654C1418FE8EE300160F11 /* Foundation.framework in Frameworks */,
			);
			runOnlyForDeploymentPostprocessing = 0;
		};
		84654C2818FE8EE300160F11 /* Frameworks */ = {
			isa = PBXFrameworksBuildPhase;
			buildActionMask = 2147483647;
			files = (
				84654C2D18FE8EE300160F11 /* XCTest.framework in Frameworks */,
				84654C2F18FE8EE300160F11 /* UIKit.framework in Frameworks */,
				84654C2E18FE8EE300160F11 /* Foundation.framework in Frameworks */,
			);
			runOnlyForDeploymentPostprocessing = 0;
		};
/* End PBXFrameworksBuildPhase section */

/* Begin PBXGroup section */
		84654C0718FE8EE200160F11 = {
			isa = PBXGroup;
			children = (
				84654C1918FE8EE300160F11 /* GraphKit */,
				84654C3218FE8EE300160F11 /* GraphKitTests */,
				84654C1218FE8EE300160F11 /* Frameworks */,
				84654C1118FE8EE300160F11 /* Products */,
			);
			sourceTree = "<group>";
		};
		84654C1118FE8EE300160F11 /* Products */ = {
			isa = PBXGroup;
			children = (
				84654C1018FE8EE300160F11 /* GraphKit.app */,
				84654C2B18FE8EE300160F11 /* GraphKitTests.xctest */,
			);
			name = Products;
			sourceTree = "<group>";
		};
		84654C1218FE8EE300160F11 /* Frameworks */ = {
			isa = PBXGroup;
			children = (
				84654C1318FE8EE300160F11 /* Foundation.framework */,
				84654C1518FE8EE300160F11 /* CoreGraphics.framework */,
				84654C1718FE8EE300160F11 /* UIKit.framework */,
				84654C2C18FE8EE300160F11 /* XCTest.framework */,
			);
			name = Frameworks;
			sourceTree = "<group>";
		};
		84654C1918FE8EE300160F11 /* GraphKit */ = {
			isa = PBXGroup;
			children = (
				84654C4D18FE932A00160F11 /* Example */,
				84654C4218FE8EF300160F11 /* Source */,
				84654C2218FE8EE300160F11 /* AppDelegate.h */,
				84654C2318FE8EE300160F11 /* AppDelegate.m */,
				84654C2518FE8EE300160F11 /* Images.xcassets */,
				84654C1A18FE8EE300160F11 /* Supporting Files */,
			);
			path = GraphKit;
			sourceTree = "<group>";
		};
		84654C1A18FE8EE300160F11 /* Supporting Files */ = {
			isa = PBXGroup;
			children = (
				84654C1B18FE8EE300160F11 /* GraphKit-Info.plist */,
				84654C1C18FE8EE300160F11 /* InfoPlist.strings */,
				84654C1F18FE8EE300160F11 /* main.m */,
				84654C2118FE8EE300160F11 /* GraphKit-Prefix.pch */,
			);
			name = "Supporting Files";
			sourceTree = "<group>";
		};
		84654C3218FE8EE300160F11 /* GraphKitTests */ = {
			isa = PBXGroup;
			children = (
				84654C3818FE8EE300160F11 /* GraphKitTests.m */,
				84654C3318FE8EE300160F11 /* Supporting Files */,
			);
			path = GraphKitTests;
			sourceTree = "<group>";
		};
		84654C3318FE8EE300160F11 /* Supporting Files */ = {
			isa = PBXGroup;
			children = (
				84654C3418FE8EE300160F11 /* GraphKitTests-Info.plist */,
				84654C3518FE8EE300160F11 /* InfoPlist.strings */,
			);
			name = "Supporting Files";
			sourceTree = "<group>";
		};
		84654C4218FE8EF300160F11 /* Source */ = {
			isa = PBXGroup;
			children = (
				84654C4918FE907500160F11 /* BarGraph */,
				84654C4618FE8F0600160F11 /* GraphKit.h */,
			);
			name = Source;
			path = ../../Source;
			sourceTree = "<group>";
		};
		84654C4918FE907500160F11 /* BarGraph */ = {
			isa = PBXGroup;
			children = (
				84654C4A18FE909A00160F11 /* GKBar.h */,
				84654C4B18FE909A00160F11 /* GKBar.m */,
				84654C5318FEDCDF00160F11 /* BarGraphView.h */,
				84654C5418FEDCDF00160F11 /* BarGraphView.m */,
			);
			path = BarGraph;
			sourceTree = "<group>";
		};
		84654C4D18FE932A00160F11 /* Example */ = {
			isa = PBXGroup;
			children = (
				84654C4E18FE934800160F11 /* ExampleViewVC.h */,
				84654C4F18FE934800160F11 /* ExampleViewVC.m */,
				84654C5018FE934800160F11 /* ExampleViewVC.xib */,
				84654C5618FF4C8300160F11 /* BarGraphViewVC.h */,
				84654C5718FF4C8300160F11 /* BarGraphViewVC.m */,
				84654C5818FF4C8300160F11 /* BarGraphViewVC.xib */,
			);
			path = Example;
			sourceTree = SOURCE_ROOT;
		};
/* End PBXGroup section */

/* Begin PBXNativeTarget section */
		84654C0F18FE8EE200160F11 /* GraphKit */ = {
			isa = PBXNativeTarget;
			buildConfigurationList = 84654C3C18FE8EE300160F11 /* Build configuration list for PBXNativeTarget "GraphKit" */;
			buildPhases = (
				84654C0C18FE8EE200160F11 /* Sources */,
				84654C0D18FE8EE200160F11 /* Frameworks */,
				84654C0E18FE8EE200160F11 /* Resources */,
			);
			buildRules = (
			);
			dependencies = (
			);
			name = GraphKit;
			productName = GraphKit;
			productReference = 84654C1018FE8EE300160F11 /* GraphKit.app */;
			productType = "com.apple.product-type.application";
		};
		84654C2A18FE8EE300160F11 /* GraphKitTests */ = {
			isa = PBXNativeTarget;
			buildConfigurationList = 84654C3F18FE8EE300160F11 /* Build configuration list for PBXNativeTarget "GraphKitTests" */;
			buildPhases = (
				84654C2718FE8EE300160F11 /* Sources */,
				84654C2818FE8EE300160F11 /* Frameworks */,
				84654C2918FE8EE300160F11 /* Resources */,
			);
			buildRules = (
			);
			dependencies = (
				84654C3118FE8EE300160F11 /* PBXTargetDependency */,
			);
			name = GraphKitTests;
			productName = GraphKitTests;
			productReference = 84654C2B18FE8EE300160F11 /* GraphKitTests.xctest */;
			productType = "com.apple.product-type.bundle.unit-test";
		};
/* End PBXNativeTarget section */

/* Begin PBXProject section */
		84654C0818FE8EE200160F11 /* Project object */ = {
			isa = PBXProject;
			attributes = {
				LastUpgradeCheck = 0510;
				ORGANIZATIONNAME = "Michal Konturek";
				TargetAttributes = {
					84654C2A18FE8EE300160F11 = {
						TestTargetID = 84654C0F18FE8EE200160F11;
					};
				};
			};
			buildConfigurationList = 84654C0B18FE8EE200160F11 /* Build configuration list for PBXProject "GraphKit" */;
			compatibilityVersion = "Xcode 3.2";
			developmentRegion = English;
			hasScannedForEncodings = 0;
			knownRegions = (
				en,
			);
			mainGroup = 84654C0718FE8EE200160F11;
			productRefGroup = 84654C1118FE8EE300160F11 /* Products */;
			projectDirPath = "";
			projectRoot = "";
			targets = (
				84654C0F18FE8EE200160F11 /* GraphKit */,
				84654C2A18FE8EE300160F11 /* GraphKitTests */,
			);
		};
/* End PBXProject section */

/* Begin PBXResourcesBuildPhase section */
		84654C0E18FE8EE200160F11 /* Resources */ = {
			isa = PBXResourcesBuildPhase;
			buildActionMask = 2147483647;
			files = (
				84654C1E18FE8EE300160F11 /* InfoPlist.strings in Resources */,
				84654C2618FE8EE300160F11 /* Images.xcassets in Resources */,
				84654C5A18FF4C8300160F11 /* BarGraphViewVC.xib in Resources */,
				84654C5218FE934800160F11 /* ExampleViewVC.xib in Resources */,
			);
			runOnlyForDeploymentPostprocessing = 0;
		};
		84654C2918FE8EE300160F11 /* Resources */ = {
			isa = PBXResourcesBuildPhase;
			buildActionMask = 2147483647;
			files = (
				84654C3718FE8EE300160F11 /* InfoPlist.strings in Resources */,
			);
			runOnlyForDeploymentPostprocessing = 0;
		};
/* End PBXResourcesBuildPhase section */

/* Begin PBXSourcesBuildPhase section */
		84654C0C18FE8EE200160F11 /* Sources */ = {
			isa = PBXSourcesBuildPhase;
			buildActionMask = 2147483647;
			files = (
				84654C5518FEDCDF00160F11 /* BarGraphView.m in Sources */,
				84654C2418FE8EE300160F11 /* AppDelegate.m in Sources */,
				84654C5918FF4C8300160F11 /* BarGraphViewVC.m in Sources */,
				84654C4C18FE909A00160F11 /* GKBar.m in Sources */,
				84654C2018FE8EE300160F11 /* main.m in Sources */,
				84654C5118FE934800160F11 /* ExampleViewVC.m in Sources */,
			);
			runOnlyForDeploymentPostprocessing = 0;
		};
		84654C2718FE8EE300160F11 /* Sources */ = {
			isa = PBXSourcesBuildPhase;
			buildActionMask = 2147483647;
			files = (
				84654C3918FE8EE300160F11 /* GraphKitTests.m in Sources */,
			);
			runOnlyForDeploymentPostprocessing = 0;
		};
/* End PBXSourcesBuildPhase section */

/* Begin PBXTargetDependency section */
		84654C3118FE8EE300160F11 /* PBXTargetDependency */ = {
			isa = PBXTargetDependency;
			target = 84654C0F18FE8EE200160F11 /* GraphKit */;
			targetProxy = 84654C3018FE8EE300160F11 /* PBXContainerItemProxy */;
		};
/* End PBXTargetDependency section */

/* Begin PBXVariantGroup section */
		84654C1C18FE8EE300160F11 /* InfoPlist.strings */ = {
			isa = PBXVariantGroup;
			children = (
				84654C1D18FE8EE300160F11 /* en */,
			);
			name = InfoPlist.strings;
			sourceTree = "<group>";
		};
		84654C3518FE8EE300160F11 /* InfoPlist.strings */ = {
			isa = PBXVariantGroup;
			children = (
				84654C3618FE8EE300160F11 /* en */,
			);
			name = InfoPlist.strings;
			sourceTree = "<group>";
		};
/* End PBXVariantGroup section */

/* Begin XCBuildConfiguration section */
		84654C3A18FE8EE300160F11 /* Debug */ = {
			isa = XCBuildConfiguration;
			buildSettings = {
				ALWAYS_SEARCH_USER_PATHS = NO;
				CLANG_CXX_LANGUAGE_STANDARD = "gnu++0x";
				CLANG_CXX_LIBRARY = "libc++";
				CLANG_ENABLE_MODULES = YES;
				CLANG_ENABLE_OBJC_ARC = YES;
				CLANG_WARN_BOOL_CONVERSION = YES;
				CLANG_WARN_CONSTANT_CONVERSION = YES;
				CLANG_WARN_DIRECT_OBJC_ISA_USAGE = YES_ERROR;
				CLANG_WARN_EMPTY_BODY = YES;
				CLANG_WARN_ENUM_CONVERSION = YES;
				CLANG_WARN_INT_CONVERSION = YES;
				CLANG_WARN_OBJC_ROOT_CLASS = YES_ERROR;
				CLANG_WARN__DUPLICATE_METHOD_MATCH = YES;
				"CODE_SIGN_IDENTITY[sdk=iphoneos*]" = "iPhone Developer";
				COPY_PHASE_STRIP = NO;
				GCC_C_LANGUAGE_STANDARD = gnu99;
				GCC_DYNAMIC_NO_PIC = NO;
				GCC_OPTIMIZATION_LEVEL = 0;
				GCC_PREPROCESSOR_DEFINITIONS = (
					"DEBUG=1",
					"$(inherited)",
				);
				GCC_SYMBOLS_PRIVATE_EXTERN = NO;
				GCC_WARN_64_TO_32_BIT_CONVERSION = YES;
				GCC_WARN_ABOUT_RETURN_TYPE = YES_ERROR;
				GCC_WARN_UNDECLARED_SELECTOR = YES;
				GCC_WARN_UNINITIALIZED_AUTOS = YES_AGGRESSIVE;
				GCC_WARN_UNUSED_FUNCTION = YES;
				GCC_WARN_UNUSED_VARIABLE = YES;
				IPHONEOS_DEPLOYMENT_TARGET = 7.1;
				ONLY_ACTIVE_ARCH = YES;
				SDKROOT = iphoneos;
			};
			name = Debug;
		};
		84654C3B18FE8EE300160F11 /* Release */ = {
			isa = XCBuildConfiguration;
			buildSettings = {
				ALWAYS_SEARCH_USER_PATHS = NO;
				CLANG_CXX_LANGUAGE_STANDARD = "gnu++0x";
				CLANG_CXX_LIBRARY = "libc++";
				CLANG_ENABLE_MODULES = YES;
				CLANG_ENABLE_OBJC_ARC = YES;
				CLANG_WARN_BOOL_CONVERSION = YES;
				CLANG_WARN_CONSTANT_CONVERSION = YES;
				CLANG_WARN_DIRECT_OBJC_ISA_USAGE = YES_ERROR;
				CLANG_WARN_EMPTY_BODY = YES;
				CLANG_WARN_ENUM_CONVERSION = YES;
				CLANG_WARN_INT_CONVERSION = YES;
				CLANG_WARN_OBJC_ROOT_CLASS = YES_ERROR;
				CLANG_WARN__DUPLICATE_METHOD_MATCH = YES;
				"CODE_SIGN_IDENTITY[sdk=iphoneos*]" = "iPhone Developer";
				COPY_PHASE_STRIP = YES;
				ENABLE_NS_ASSERTIONS = NO;
				GCC_C_LANGUAGE_STANDARD = gnu99;
				GCC_WARN_64_TO_32_BIT_CONVERSION = YES;
				GCC_WARN_ABOUT_RETURN_TYPE = YES_ERROR;
				GCC_WARN_UNDECLARED_SELECTOR = YES;
				GCC_WARN_UNINITIALIZED_AUTOS = YES_AGGRESSIVE;
				GCC_WARN_UNUSED_FUNCTION = YES;
				GCC_WARN_UNUSED_VARIABLE = YES;
				IPHONEOS_DEPLOYMENT_TARGET = 7.1;
				SDKROOT = iphoneos;
				VALIDATE_PRODUCT = YES;
			};
			name = Release;
		};
		84654C3D18FE8EE300160F11 /* Debug */ = {
			isa = XCBuildConfiguration;
			buildSettings = {
				ALWAYS_SEARCH_USER_PATHS = YES;
				ASSETCATALOG_COMPILER_APPICON_NAME = AppIcon;
				ASSETCATALOG_COMPILER_LAUNCHIMAGE_NAME = LaunchImage;
				GCC_PRECOMPILE_PREFIX_HEADER = YES;
				GCC_PREFIX_HEADER = "GraphKit/GraphKit-Prefix.pch";
				INFOPLIST_FILE = "GraphKit/GraphKit-Info.plist";
				PRODUCT_NAME = "$(TARGET_NAME)";
				USER_HEADER_SEARCH_PATHS = "$(SRCROOT)/**";
				WRAPPER_EXTENSION = app;
			};
			name = Debug;
		};
		84654C3E18FE8EE300160F11 /* Release */ = {
			isa = XCBuildConfiguration;
			buildSettings = {
				ALWAYS_SEARCH_USER_PATHS = YES;
				ASSETCATALOG_COMPILER_APPICON_NAME = AppIcon;
				ASSETCATALOG_COMPILER_LAUNCHIMAGE_NAME = LaunchImage;
				GCC_PRECOMPILE_PREFIX_HEADER = YES;
				GCC_PREFIX_HEADER = "GraphKit/GraphKit-Prefix.pch";
				INFOPLIST_FILE = "GraphKit/GraphKit-Info.plist";
				PRODUCT_NAME = "$(TARGET_NAME)";
				USER_HEADER_SEARCH_PATHS = "$(SRCROOT)/**";
				WRAPPER_EXTENSION = app;
			};
			name = Release;
		};
		84654C4018FE8EE300160F11 /* Debug */ = {
			isa = XCBuildConfiguration;
			buildSettings = {
				BUNDLE_LOADER = "$(BUILT_PRODUCTS_DIR)/GraphKit.app/GraphKit";
				FRAMEWORK_SEARCH_PATHS = (
					"$(SDKROOT)/Developer/Library/Frameworks",
					"$(inherited)",
					"$(DEVELOPER_FRAMEWORKS_DIR)",
				);
				GCC_PRECOMPILE_PREFIX_HEADER = YES;
				GCC_PREFIX_HEADER = "GraphKit/GraphKit-Prefix.pch";
				GCC_PREPROCESSOR_DEFINITIONS = (
					"DEBUG=1",
					"$(inherited)",
				);
				INFOPLIST_FILE = "GraphKitTests/GraphKitTests-Info.plist";
				PRODUCT_NAME = "$(TARGET_NAME)";
				TEST_HOST = "$(BUNDLE_LOADER)";
				WRAPPER_EXTENSION = xctest;
			};
			name = Debug;
		};
		84654C4118FE8EE300160F11 /* Release */ = {
			isa = XCBuildConfiguration;
			buildSettings = {
				BUNDLE_LOADER = "$(BUILT_PRODUCTS_DIR)/GraphKit.app/GraphKit";
				FRAMEWORK_SEARCH_PATHS = (
					"$(SDKROOT)/Developer/Library/Frameworks",
					"$(inherited)",
					"$(DEVELOPER_FRAMEWORKS_DIR)",
				);
				GCC_PRECOMPILE_PREFIX_HEADER = YES;
				GCC_PREFIX_HEADER = "GraphKit/GraphKit-Prefix.pch";
				INFOPLIST_FILE = "GraphKitTests/GraphKitTests-Info.plist";
				PRODUCT_NAME = "$(TARGET_NAME)";
				TEST_HOST = "$(BUNDLE_LOADER)";
				WRAPPER_EXTENSION = xctest;
			};
			name = Release;
		};
/* End XCBuildConfiguration section */

/* Begin XCConfigurationList section */
		84654C0B18FE8EE200160F11 /* Build configuration list for PBXProject "GraphKit" */ = {
			isa = XCConfigurationList;
			buildConfigurations = (
				84654C3A18FE8EE300160F11 /* Debug */,
				84654C3B18FE8EE300160F11 /* Release */,
			);
			defaultConfigurationIsVisible = 0;
			defaultConfigurationName = Release;
		};
		84654C3C18FE8EE300160F11 /* Build configuration list for PBXNativeTarget "GraphKit" */ = {
			isa = XCConfigurationList;
			buildConfigurations = (
				84654C3D18FE8EE300160F11 /* Debug */,
				84654C3E18FE8EE300160F11 /* Release */,
			);
			defaultConfigurationIsVisible = 0;
		};
		84654C3F18FE8EE300160F11 /* Build configuration list for PBXNativeTarget "GraphKitTests" */ = {
			isa = XCConfigurationList;
			buildConfigurations = (
				84654C4018FE8EE300160F11 /* Debug */,
				84654C4118FE8EE300160F11 /* Release */,
			);
			defaultConfigurationIsVisible = 0;
		};
/* End XCConfigurationList section */
	};
	rootObject = 84654C0818FE8EE200160F11 /* Project object */;
}
